
Microsoft Visual Studio Solution File, Format Version 12.00
# Visual Studio Version 17
VisualStudioVersion = 17.8.34316.72
MinimumVisualStudioVersion = 10.0.40219.1
Project("{FAE04EC0-301F-11D3-BF4B-00C04F79EFBC}") = "Code_First_Demo1", "Code_First_Demo1.csproj", "{9DCC8E08-C7A7-4A92-9340-5D5E95DD0E04}"
EndProject
Global
	GlobalSection(SolutionConfigurationPlatforms) = preSolution
		Debug|Any CPU = Debug|Any CPU
		Release|Any CPU = Release|Any CPU
	EndGlobalSection
	GlobalSection(ProjectConfigurationPlatforms) = postSolution
		{9DCC8E08-C7A7-4A92-9340-5D5E95DD0E04}.Debug|Any CPU.ActiveCfg = Debug|Any CPU
		{9DCC8E08-C7A7-4A92-9340-5D5E95DD0E04}.Debug|Any CPU.Build.0 = Debug|Any CPU
		{9DCC8E08-C7A7-4A92-9340-5D5E95DD0E04}.Release|Any CPU.ActiveCfg = Release|Any CPU
		{9DCC8E08-C7A7-4A92-9340-5D5E95DD0E04}.Release|Any CPU.Build.0 = Release|Any CPU
	EndGlobalSection
	GlobalSection(SolutionProperties) = preSolution
		HideSolutionNode = FALSE
	EndGlobalSection
	GlobalSection(ExtensibilityGlobals) = postSolution
		SolutionGuid = {1487F099-F73A-4C21-8ABB-AB7E104E8DA9}
	EndGlobalSection
EndGlobal
